
Microsoft Visual Studio Solution File, Format Version 12.00
# Visual Studio Version 16
VisualStudioVersion = 16.0.30503.244
MinimumVisualStudioVersion = 10.0.40219.1
Project("{FAE04EC0-301F-11D3-BF4B-00C04F79EFBC}") = "DxcAlloy", "DxcAlloy\DxcAlloy.csproj", "{E6619053-67EB-4AE2-B478-533C9F4062F8}"
EndProject
Global
	GlobalSection(SolutionConfigurationPlatforms) = preSolution
		Debug|Any CPU = Debug|Any CPU
		Integration|Any CPU = Integration|Any CPU
		Preproduction|Any CPU = Preproduction|Any CPU
		Production|Any CPU = Production|Any CPU
		Release|Any CPU = Release|Any CPU
	EndGlobalSection
	GlobalSection(ProjectConfigurationPlatforms) = postSolution
		{E6619053-67EB-4AE2-B478-533C9F4062F8}.Debug|Any CPU.ActiveCfg = Debug|Any CPU
		{E6619053-67EB-4AE2-B478-533C9F4062F8}.Debug|Any CPU.Build.0 = Debug|Any CPU
		{E6619053-67EB-4AE2-B478-533C9F4062F8}.Integration|Any CPU.ActiveCfg = Integration|Any CPU
		{E6619053-67EB-4AE2-B478-533C9F4062F8}.Integration|Any CPU.Build.0 = Integration|Any CPU
		{E6619053-67EB-4AE2-B478-533C9F4062F8}.Preproduction|Any CPU.ActiveCfg = Preproduction|Any CPU
		{E6619053-67EB-4AE2-B478-533C9F4062F8}.Preproduction|Any CPU.Build.0 = Preproduction|Any CPU
		{E6619053-67EB-4AE2-B478-533C9F4062F8}.Production|Any CPU.ActiveCfg = Production|Any CPU
		{E6619053-67EB-4AE2-B478-533C9F4062F8}.Production|Any CPU.Build.0 = Production|Any CPU
		{E6619053-67EB-4AE2-B478-533C9F4062F8}.Release|Any CPU.ActiveCfg = Release|Any CPU
		{E6619053-67EB-4AE2-B478-533C9F4062F8}.Release|Any CPU.Build.0 = Release|Any CPU
	EndGlobalSection
	GlobalSection(SolutionProperties) = preSolution
		HideSolutionNode = FALSE
	EndGlobalSection
	GlobalSection(ExtensibilityGlobals) = postSolution
		SolutionGuid = {DABB7F1A-97AA-402C-BC2C-E419D1758080}
	EndGlobalSection
EndGlobal
